
Microsoft Visual Studio Solution File, Format Version 12.00
# Visual Studio Version 17
VisualStudioVersion = 17.10.35027.167
MinimumVisualStudioVersion = 10.0.40219.1
Project("{8BC9CEB8-8B4A-11D0-8D11-00A0C91BC942}") = "erp_projeto", "erp_projeto\erp_projeto.vcxproj", "{DDCC25C8-CFEE-42EA-BF5F-DE3869A8BE13}"
EndProject
Global
	GlobalSection(SolutionConfigurationPlatforms) = preSolution
		Debug|x64 = Debug|x64
		Debug|x86 = Debug|x86
		Release|x64 = Release|x64
		Release|x86 = Release|x86
	EndGlobalSection
	GlobalSection(ProjectConfigurationPlatforms) = postSolution
		{DDCC25C8-CFEE-42EA-BF5F-DE3869A8BE13}.Debug|x64.ActiveCfg = Debug|x64
		{DDCC25C8-CFEE-42EA-BF5F-DE3869A8BE13}.Debug|x64.Build.0 = Debug|x64
		{DDCC25C8-CFEE-42EA-BF5F-DE3869A8BE13}.Debug|x86.ActiveCfg = Debug|Win32
		{DDCC25C8-CFEE-42EA-BF5F-DE3869A8BE13}.Debug|x86.Build.0 = Debug|Win32
		{DDCC25C8-CFEE-42EA-BF5F-DE3869A8BE13}.Release|x64.ActiveCfg = Release|x64
		{DDCC25C8-CFEE-42EA-BF5F-DE3869A8BE13}.Release|x64.Build.0 = Release|x64
		{DDCC25C8-CFEE-42EA-BF5F-DE3869A8BE13}.Release|x86.ActiveCfg = Release|Win32
		{DDCC25C8-CFEE-42EA-BF5F-DE3869A8BE13}.Release|x86.Build.0 = Release|Win32
	EndGlobalSection
	GlobalSection(SolutionProperties) = preSolution
		HideSolutionNode = FALSE
	EndGlobalSection
	GlobalSection(ExtensibilityGlobals) = postSolution
		SolutionGuid = {06F4E9AC-2F8A-4616-BCAB-1356C4F36D65}
	EndGlobalSection
EndGlobal
